
Microsoft Visual Studio Solution File, Format Version 12.00
# Visual Studio Version 16
VisualStudioVersion = 16.0.29728.190
MinimumVisualStudioVersion = 10.0.40219.1
Project("{FAE04EC0-301F-11D3-BF4B-00C04F79EFBC}") = "Nullable", "Nullable\Nullable.csproj", "{3123E5A4-5104-45C0-8071-E32DB2D3A3DE}"
EndProject
Global
	GlobalSection(SolutionConfigurationPlatforms) = preSolution
		Debug|Any CPU = Debug|Any CPU
		Release|Any CPU = Release|Any CPU
	EndGlobalSection
	GlobalSection(ProjectConfigurationPlatforms) = postSolution
		{3123E5A4-5104-45C0-8071-E32DB2D3A3DE}.Debug|Any CPU.ActiveCfg = Debug|Any CPU
		{3123E5A4-5104-45C0-8071-E32DB2D3A3DE}.Debug|Any CPU.Build.0 = Debug|Any CPU
		{3123E5A4-5104-45C0-8071-E32DB2D3A3DE}.Release|Any CPU.ActiveCfg = Release|Any CPU
		{3123E5A4-5104-45C0-8071-E32DB2D3A3DE}.Release|Any CPU.Build.0 = Release|Any CPU
	EndGlobalSection
	GlobalSection(SolutionProperties) = preSolution
		HideSolutionNode = FALSE
	EndGlobalSection
	GlobalSection(ExtensibilityGlobals) = postSolution
		SolutionGuid = {E57E55CD-2728-4AF0-9D29-F02B660109A6}
	EndGlobalSection
EndGlobal
